
Microsoft Visual Studio Solution File, Format Version 12.00
# Visual Studio Version 16
VisualStudioVersion = 16.0.30804.86
MinimumVisualStudioVersion = 10.0.40219.1
Project("{FAE04EC0-301F-11D3-BF4B-00C04F79EFBC}") = "JWTExample", "JWTExample.csproj", "{86AEBEA0-E200-4669-8CFC-B5B1B6A12DFC}"
EndProject
Global
	GlobalSection(SolutionConfigurationPlatforms) = preSolution
		Debug|Any CPU = Debug|Any CPU
		Release|Any CPU = Release|Any CPU
	EndGlobalSection
	GlobalSection(ProjectConfigurationPlatforms) = postSolution
		{86AEBEA0-E200-4669-8CFC-B5B1B6A12DFC}.Debug|Any CPU.ActiveCfg = Debug|Any CPU
		{86AEBEA0-E200-4669-8CFC-B5B1B6A12DFC}.Debug|Any CPU.Build.0 = Debug|Any CPU
		{86AEBEA0-E200-4669-8CFC-B5B1B6A12DFC}.Release|Any CPU.ActiveCfg = Release|Any CPU
		{86AEBEA0-E200-4669-8CFC-B5B1B6A12DFC}.Release|Any CPU.Build.0 = Release|Any CPU
	EndGlobalSection
	GlobalSection(SolutionProperties) = preSolution
		HideSolutionNode = FALSE
	EndGlobalSection
	GlobalSection(ExtensibilityGlobals) = postSolution
		SolutionGuid = {B334C23D-6B2F-4D36-9DF7-641E91E34971}
	EndGlobalSection
EndGlobal
